
Microsoft Visual Studio Solution File, Format Version 12.00
# Visual Studio Version 17
VisualStudioVersion = 17.5.33516.290
MinimumVisualStudioVersion = 10.0.40219.1
Project("{FAE04EC0-301F-11D3-BF4B-00C04F79EFBC}") = "personapi-dotnet", "personapi-dotnet.csproj", "{C7E45F38-6D15-4B76-A8C8-9FD0AC323AF6}"
EndProject
Global
	GlobalSection(SolutionConfigurationPlatforms) = preSolution
		Debug|Any CPU = Debug|Any CPU
		Release|Any CPU = Release|Any CPU
	EndGlobalSection
	GlobalSection(ProjectConfigurationPlatforms) = postSolution
		{C7E45F38-6D15-4B76-A8C8-9FD0AC323AF6}.Debug|Any CPU.ActiveCfg = Debug|Any CPU
		{C7E45F38-6D15-4B76-A8C8-9FD0AC323AF6}.Debug|Any CPU.Build.0 = Debug|Any CPU
		{C7E45F38-6D15-4B76-A8C8-9FD0AC323AF6}.Release|Any CPU.ActiveCfg = Release|Any CPU
		{C7E45F38-6D15-4B76-A8C8-9FD0AC323AF6}.Release|Any CPU.Build.0 = Release|Any CPU
	EndGlobalSection
	GlobalSection(SolutionProperties) = preSolution
		HideSolutionNode = FALSE
	EndGlobalSection
	GlobalSection(ExtensibilityGlobals) = postSolution
		SolutionGuid = {C970F434-C9E0-404F-88EC-F16D6E3A1D9B}
	EndGlobalSection
EndGlobal
